{
  "lib/aave-v3-origin": {
    "rev": "e627c7428cbb358b9c84b601a009a86b4b871c08"
  },
  "lib/dss-allocator": {
    "rev": "226584d3b179d98025497815adb4ea585ea0102d"
  },
  "lib/dss-test": {
    "rev": "f2a2b2bbea71921103c5b7cf3cb1d241b957bec7"
  },
  "lib/forge-std": {
    "rev": "bf909b22fa55e244796dfa920c9639fdffa1c545"
  },
  "lib/layerzero-v2": {
    "rev": "88428755be6caa71cb1d2926141d73c8989296b5"
  },
  "lib/metamorpho": {
    "rev": "f5faa9c21b1396c291b471a6a5ad9407d23486a9"
  },
  "lib/openzeppelin-contracts": {
    "rev": "dbb6104ce834628e473d2173bbc9d47f81a9eec3"
  },
  "lib/oz-upgradeable": {
    "rev": "723f8cab09cdae1aca9ec9cc1cfa040c2d4b06c1"
  },
  "lib/solidity-bytes-utils": {
    "rev": "9505c85a251afc57ecced90a6076f2c661ee2404"
  },
  "lib/spark-address-registry": {
    "rev": "b1eafa11c133f9356b0950f351e87c6f6f387beb"
  },
  "lib/spark-psm": {
    "rev": "6a5a579cb503a461df254007064370f732fcd19d"
  },
  "lib/spark-vaults-v2": {
    "branch": {
      "name": "dev",
      "rev": "8f1442ad5094d1ddd48c95d390dee6cd6c164133"
    }
  },
  "lib/xchain-helpers": {
    "rev": "07e27b6eebb985b0c1e3376329c02b29d49664f7"
  }
}
